# DO NOT EDIT MANUALLY - Managed by Fern Replay
version: "1.0"
generations:
  - commit_sha: caafff76234c021adc32f2c1a74e286394bc8b77
    tree_hash: 231edd13c9f4cb05cc6c24a0533392798b053746
    timestamp: 2026-10-03T13:05:56.659Z
    cli_version: unknown
    generator_versions: {}
  - commit_sha: f6c46f8dad26521d575c46c65395592f10ca783a
    tree_hash: 407e08bfd12b29dde57c36c93028afa1e3c0f1c7
    timestamp: 2026-10-03T13:05:57.330Z
    cli_version: unknown
    generator_versions:
      fernapi/fern-ruby-sdk: 1.1.13
current_generation: f6c46f8dad26521d575c46c65395592f10ca783a
patches: []
